
Microsoft Visual Studio Solution File, Format Version 12.00
# Visual Studio 2012
Project("{FAE04EC0-301F-11D3-BF4B-00C04F79EFBC}") = "NewRelic.Microsoft.SqlServer.Plugin", "src\NewRelic.Microsoft.SqlServer.Plugin\NewRelic.Microsoft.SqlServer.Plugin.csproj", "{D5E2A43F-3302-420E-BFD0-798A328390C4}"
EndProject
Global
	GlobalSection(SolutionConfigurationPlatforms) = preSolution
		Debug|Any CPU = Debug|Any CPU
		Release|Any CPU = Release|Any CPU
	EndGlobalSection
	GlobalSection(ProjectConfigurationPlatforms) = postSolution
		{D5E2A43F-3302-420E-BFD0-798A328390C4}.Debug|Any CPU.ActiveCfg = Debug|Any CPU
		{D5E2A43F-3302-420E-BFD0-798A328390C4}.Debug|Any CPU.Build.0 = Debug|Any CPU
		{D5E2A43F-3302-420E-BFD0-798A328390C4}.Release|Any CPU.ActiveCfg = Release|Any CPU
		{D5E2A43F-3302-420E-BFD0-798A328390C4}.Release|Any CPU.Build.0 = Release|Any CPU
	EndGlobalSection
	GlobalSection(SolutionProperties) = preSolution
		HideSolutionNode = FALSE
	EndGlobalSection
EndGlobal
